
Microsoft Visual Studio Solution File, Format Version 12.00
# Visual Studio Version 16
VisualStudioVersion = 25.0.1703.0
MinimumVisualStudioVersion = 10.0.40219.1
Project("{FAE04EC0-301F-11D3-BF4B-00C04F79EFBC}") = "GrProg2", "GrProg2\GrProg2.csproj", "{A9731B2D-FFDC-4CDD-BABF-0AE0CCD0F43E}"
EndProject
Global
	GlobalSection(SolutionConfigurationPlatforms) = preSolution
		Debug|Any CPU = Debug|Any CPU
		Release|Any CPU = Release|Any CPU
	EndGlobalSection
	GlobalSection(ProjectConfigurationPlatforms) = postSolution
		{A9731B2D-FFDC-4CDD-BABF-0AE0CCD0F43E}.Debug|Any CPU.ActiveCfg = Debug|Any CPU
		{A9731B2D-FFDC-4CDD-BABF-0AE0CCD0F43E}.Debug|Any CPU.Build.0 = Debug|Any CPU
		{A9731B2D-FFDC-4CDD-BABF-0AE0CCD0F43E}.Release|Any CPU.ActiveCfg = Release|Any CPU
		{A9731B2D-FFDC-4CDD-BABF-0AE0CCD0F43E}.Release|Any CPU.Build.0 = Release|Any CPU
	EndGlobalSection
	GlobalSection(SolutionProperties) = preSolution
		HideSolutionNode = FALSE
	EndGlobalSection
	GlobalSection(ExtensibilityGlobals) = postSolution
		SolutionGuid = {0B684E84-A7A7-4634-8688-1AD3445EBC05}
	EndGlobalSection
EndGlobal
