
Microsoft Visual Studio Solution File, Format Version 12.00
# Visual Studio Version 16
VisualStudioVersion = 25.0.1703.0
MinimumVisualStudioVersion = 10.0.40219.1
Project("{FAE04EC0-301F-11D3-BF4B-00C04F79EFBC}") = "BilletSalg", "BilletSalg\BilletSalg.csproj", "{992EB1B7-BA62-403E-8E11-41123E5AAC4A}"
EndProject
Global
	GlobalSection(SolutionConfigurationPlatforms) = preSolution
		Debug|Any CPU = Debug|Any CPU
		Release|Any CPU = Release|Any CPU
	EndGlobalSection
	GlobalSection(ProjectConfigurationPlatforms) = postSolution
		{992EB1B7-BA62-403E-8E11-41123E5AAC4A}.Debug|Any CPU.ActiveCfg = Debug|Any CPU
		{992EB1B7-BA62-403E-8E11-41123E5AAC4A}.Debug|Any CPU.Build.0 = Debug|Any CPU
		{992EB1B7-BA62-403E-8E11-41123E5AAC4A}.Release|Any CPU.ActiveCfg = Release|Any CPU
		{992EB1B7-BA62-403E-8E11-41123E5AAC4A}.Release|Any CPU.Build.0 = Release|Any CPU
	EndGlobalSection
	GlobalSection(SolutionProperties) = preSolution
		HideSolutionNode = FALSE
	EndGlobalSection
	GlobalSection(ExtensibilityGlobals) = postSolution
		SolutionGuid = {ED0F1BDE-9DD2-4A99-96DB-B5669F529747}
	EndGlobalSection
EndGlobal
